
Microsoft Visual Studio Solution File, Format Version 12.00
# Visual Studio Version 16
VisualStudioVersion = 16.0.29215.179
MinimumVisualStudioVersion = 10.0.40219.1
Project("{8BC9CEB8-8B4A-11D0-8D11-00A0C91BC942}") = "HaGame2D", "HaGame2D\HaGame2D.vcxproj", "{8A00E310-E5E0-49A0-9EDE-4FC00B4E66A2}"
EndProject
Project("{2150E333-8FDC-42A3-9474-1A3956D46DE8}") = "Solution Items", "Solution Items", "{F564496A-9435-42FC-BB28-32A00AD1B1FF}"
EndProject
Global
	GlobalSection(SolutionConfigurationPlatforms) = preSolution
		Debug|x64 = Debug|x64
		Debug|x86 = Debug|x86
		Release|x64 = Release|x64
		Release|x86 = Release|x86
	EndGlobalSection
	GlobalSection(ProjectConfigurationPlatforms) = postSolution
		{8A00E310-E5E0-49A0-9EDE-4FC00B4E66A2}.Debug|x64.ActiveCfg = Debug|x64
		{8A00E310-E5E0-49A0-9EDE-4FC00B4E66A2}.Debug|x64.Build.0 = Debug|x64
		{8A00E310-E5E0-49A0-9EDE-4FC00B4E66A2}.Debug|x86.ActiveCfg = Debug|Win32
		{8A00E310-E5E0-49A0-9EDE-4FC00B4E66A2}.Debug|x86.Build.0 = Debug|Win32
		{8A00E310-E5E0-49A0-9EDE-4FC00B4E66A2}.Release|x64.ActiveCfg = Release|x64
		{8A00E310-E5E0-49A0-9EDE-4FC00B4E66A2}.Release|x64.Build.0 = Release|x64
		{8A00E310-E5E0-49A0-9EDE-4FC00B4E66A2}.Release|x86.ActiveCfg = Release|Win32
		{8A00E310-E5E0-49A0-9EDE-4FC00B4E66A2}.Release|x86.Build.0 = Release|Win32
	EndGlobalSection
	GlobalSection(SolutionProperties) = preSolution
		HideSolutionNode = FALSE
	EndGlobalSection
	GlobalSection(ExtensibilityGlobals) = postSolution
		SolutionGuid = {80EB85C7-50A2-4012-A195-7EBCBB515590}
	EndGlobalSection
	GlobalSection(Performance) = preSolution
		HasPerformanceSessions = true
	EndGlobalSection
EndGlobal
